
Microsoft Visual Studio Solution File, Format Version 12.00
# Visual Studio Version 17
VisualStudioVersion = 17.13.35931.197 d17.13
MinimumVisualStudioVersion = 10.0.40219.1
Project("{FAE04EC0-301F-11D3-BF4B-00C04F79EFBC}") = "CI.CD.TestingTask", "CI.CD.TestingTask\CI.CD.TestingTask.csproj", "{771689E5-F7A8-49FF-9E7E-6FA03E27E074}"
EndProject
Global
	GlobalSection(SolutionConfigurationPlatforms) = preSolution
		Debug|Any CPU = Debug|Any CPU
		Release|Any CPU = Release|Any CPU
	EndGlobalSection
	GlobalSection(ProjectConfigurationPlatforms) = postSolution
		{771689E5-F7A8-49FF-9E7E-6FA03E27E074}.Debug|Any CPU.ActiveCfg = Debug|Any CPU
		{771689E5-F7A8-49FF-9E7E-6FA03E27E074}.Debug|Any CPU.Build.0 = Debug|Any CPU
		{771689E5-F7A8-49FF-9E7E-6FA03E27E074}.Release|Any CPU.ActiveCfg = Release|Any CPU
		{771689E5-F7A8-49FF-9E7E-6FA03E27E074}.Release|Any CPU.Build.0 = Release|Any CPU
	EndGlobalSection
	GlobalSection(SolutionProperties) = preSolution
		HideSolutionNode = FALSE
	EndGlobalSection
	GlobalSection(ExtensibilityGlobals) = postSolution
		SolutionGuid = {0DA1B98B-5FF8-4370-9795-8E12E2C3BB30}
	EndGlobalSection
EndGlobal
