
Microsoft Visual Studio Solution File, Format Version 12.00
# Visual Studio Version 17
VisualStudioVersion = 17.13.35931.197 d17.13
MinimumVisualStudioVersion = 10.0.40219.1
Project("{FAE04EC0-301F-11D3-BF4B-00C04F79EFBC}") = "FunctionTask", "FunctionTask\FunctionTask.csproj", "{D342CB27-4F68-4B0E-AA39-98232A1B2051}"
EndProject
Global
	GlobalSection(SolutionConfigurationPlatforms) = preSolution
		Debug|Any CPU = Debug|Any CPU
		Release|Any CPU = Release|Any CPU
	EndGlobalSection
	GlobalSection(ProjectConfigurationPlatforms) = postSolution
		{D342CB27-4F68-4B0E-AA39-98232A1B2051}.Debug|Any CPU.ActiveCfg = Debug|Any CPU
		{D342CB27-4F68-4B0E-AA39-98232A1B2051}.Debug|Any CPU.Build.0 = Debug|Any CPU
		{D342CB27-4F68-4B0E-AA39-98232A1B2051}.Release|Any CPU.ActiveCfg = Release|Any CPU
		{D342CB27-4F68-4B0E-AA39-98232A1B2051}.Release|Any CPU.Build.0 = Release|Any CPU
	EndGlobalSection
	GlobalSection(SolutionProperties) = preSolution
		HideSolutionNode = FALSE
	EndGlobalSection
	GlobalSection(ExtensibilityGlobals) = postSolution
		SolutionGuid = {89D05754-FEB0-4A92-A2AC-A5B3A25A8D29}
	EndGlobalSection
EndGlobal
